
Microsoft Visual Studio Solution File, Format Version 12.00
# Visual Studio 15
VisualStudioVersion = 15.0.27130.2036
MinimumVisualStudioVersion = 10.0.40219.1
Project("{FAE04EC0-301F-11D3-BF4B-00C04F79EFBC}") = "KasirScan", "KasirScan\KasirScan.csproj", "{D6C66943-08BF-48EB-ABE8-B1FC862FC715}"
EndProject
Global
	GlobalSection(SolutionConfigurationPlatforms) = preSolution
		Debug|Any CPU = Debug|Any CPU
		Release|Any CPU = Release|Any CPU
	EndGlobalSection
	GlobalSection(ProjectConfigurationPlatforms) = postSolution
		{D6C66943-08BF-48EB-ABE8-B1FC862FC715}.Debug|Any CPU.ActiveCfg = Debug|Any CPU
		{D6C66943-08BF-48EB-ABE8-B1FC862FC715}.Debug|Any CPU.Build.0 = Debug|Any CPU
		{D6C66943-08BF-48EB-ABE8-B1FC862FC715}.Release|Any CPU.ActiveCfg = Release|Any CPU
		{D6C66943-08BF-48EB-ABE8-B1FC862FC715}.Release|Any CPU.Build.0 = Release|Any CPU
	EndGlobalSection
	GlobalSection(SolutionProperties) = preSolution
		HideSolutionNode = FALSE
	EndGlobalSection
	GlobalSection(ExtensibilityGlobals) = postSolution
		SolutionGuid = {994E7EA5-B714-48CB-ACDC-042011C4B544}
	EndGlobalSection
EndGlobal
