
Microsoft Visual Studio Solution File, Format Version 12.00
# Visual Studio 15
VisualStudioVersion = 15.0.27428.2005
MinimumVisualStudioVersion = 10.0.40219.1
Project("{FAE04EC0-301F-11D3-BF4B-00C04F79EFBC}") = "CashierSimulation", "CashierSimulation\CashierSimulation.csproj", "{B6114C73-0643-459F-8ED9-E8CE1DA40ADD}"
EndProject
Global
	GlobalSection(SolutionConfigurationPlatforms) = preSolution
		Debug|Any CPU = Debug|Any CPU
		Release|Any CPU = Release|Any CPU
	EndGlobalSection
	GlobalSection(ProjectConfigurationPlatforms) = postSolution
		{B6114C73-0643-459F-8ED9-E8CE1DA40ADD}.Debug|Any CPU.ActiveCfg = Debug|Any CPU
		{B6114C73-0643-459F-8ED9-E8CE1DA40ADD}.Debug|Any CPU.Build.0 = Debug|Any CPU
		{B6114C73-0643-459F-8ED9-E8CE1DA40ADD}.Release|Any CPU.ActiveCfg = Release|Any CPU
		{B6114C73-0643-459F-8ED9-E8CE1DA40ADD}.Release|Any CPU.Build.0 = Release|Any CPU
	EndGlobalSection
	GlobalSection(SolutionProperties) = preSolution
		HideSolutionNode = FALSE
	EndGlobalSection
	GlobalSection(ExtensibilityGlobals) = postSolution
		SolutionGuid = {12E27176-09BF-4C02-8255-03242F1D43A1}
	EndGlobalSection
EndGlobal
